// !$*UTF8*$!
{
	archiveVersion = 1;
	classes = {
	};
	objectVersion = 56;
	objects = {

/* Begin PBXBuildFile section */
		FFF6DCD92A42327900E2F70C /* AppDelegate.swift in Sources */ = {isa = PBXBuildFile; fileRef = FFF6DCD82A42327900E2F70C /* AppDelegate.swift */; };
		FFF6DCDB2A42327900E2F70C /* ViewController.swift in Sources */ = {isa = PBXBuildFile; fileRef = FFF6DCDA2A42327900E2F70C /* ViewController.swift */; };
		FFF6DCDD2A42327A00E2F70C /* Assets.xcassets in Resources */ = {isa = PBXBuildFile; fileRef = FFF6DCDC2A42327A00E2F70C /* Assets.xcassets */; };
		FFF6DCE02A42327A00E2F70C /* Main.storyboard in Resources */ = {isa = PBXBuildFile; fileRef = FFF6DCDE2A42327A00E2F70C /* Main.storyboard */; };
		FFF6DCEF2A42334000E2F70C /* WindowInfoProtocol.swift in Sources */ = {isa = PBXBuildFile; fileRef = FFF6DCEE2A42334000E2F70C /* WindowInfoProtocol.swift */; };
		FFF6DCF12A42334000E2F70C /* WindowInfo.swift in Sources */ = {isa = PBXBuildFile; fileRef = FFF6DCF02A42334000E2F70C /* WindowInfo.swift */; };
		FFF6DCF32A42334000E2F70C /* main.swift in Sources */ = {isa = PBXBuildFile; fileRef = FFF6DCF22A42334000E2F70C /* main.swift */; };
		FFF6DCF72A42334000E2F70C /* WindowInfo.xpc in Embed XPC Services */ = {isa = PBXBuildFile; fileRef = FFF6DCEC2A42334000E2F70C /* WindowInfo.xpc */; settings = {ATTRIBUTES = (RemoveHeadersOnCopy, ); }; };
		FFF6DCFD2A42335200E2F70C /* ScreenCapture.swift in Sources */ = {isa = PBXBuildFile; fileRef = FFF6DCFC2A42335200E2F70C /* ScreenCapture.swift */; };
		FFF6DCFE2A42335200E2F70C /* ScreenCapture.swift in Sources */ = {isa = PBXBuildFile; fileRef = FFF6DCFC2A42335200E2F70C /* ScreenCapture.swift */; };
		FFF6DD002A42339300E2F70C /* NSImage+Extensions.swift in Sources */ = {isa = PBXBuildFile; fileRef = FFF6DCFF2A42339300E2F70C /* NSImage+Extensions.swift */; };
		FFF6DD012A42339300E2F70C /* NSImage+Extensions.swift in Sources */ = {isa = PBXBuildFile; fileRef = FFF6DCFF2A42339300E2F70C /* NSImage+Extensions.swift */; };
/* End PBXBuildFile section */

/* Begin PBXContainerItemProxy section */
		FFF6DCF52A42334000E2F70C /* PBXContainerItemProxy */ = {
			isa = PBXContainerItemProxy;
			containerPortal = FFF6DCCD2A42327900E2F70C /* Project object */;
			proxyType = 1;
			remoteGlobalIDString = FFF6DCEB2A42334000E2F70C;
			remoteInfo = WindowInfo;
		};
/* End PBXContainerItemProxy section */

/* Begin PBXCopyFilesBuildPhase section */
		FFF6DCFB2A42334000E2F70C /* Embed XPC Services */ = {
			isa = PBXCopyFilesBuildPhase;
			buildActionMask = 2147483647;
			dstPath = "$(CONTENTS_FOLDER_PATH)/XPCServices";
			dstSubfolderSpec = 16;
			files = (
				FFF6DCF72A42334000E2F70C /* WindowInfo.xpc in Embed XPC Services */,
			);
			name = "Embed XPC Services";
			runOnlyForDeploymentPostprocessing = 0;
		};
/* End PBXCopyFilesBuildPhase section */

/* Begin PBXFileReference section */
		FFF6DCD52A42327900E2F70C /* XPCTest.app */ = {isa = PBXFileReference; explicitFileType = wrapper.application; includeInIndex = 0; path = XPCTest.app; sourceTree = BUILT_PRODUCTS_DIR; };
		FFF6DCD82A42327900E2F70C /* AppDelegate.swift */ = {isa = PBXFileReference; lastKnownFileType = sourcecode.swift; path = AppDelegate.swift; sourceTree = "<group>"; };
		FFF6DCDA2A42327900E2F70C /* ViewController.swift */ = {isa = PBXFileReference; lastKnownFileType = sourcecode.swift; path = ViewController.swift; sourceTree = "<group>"; };
		FFF6DCDC2A42327A00E2F70C /* Assets.xcassets */ = {isa = PBXFileReference; lastKnownFileType = folder.assetcatalog; path = Assets.xcassets; sourceTree = "<group>"; };
		FFF6DCDF2A42327A00E2F70C /* Base */ = {isa = PBXFileReference; lastKnownFileType = file.storyboard; name = Base; path = Base.lproj/Main.storyboard; sourceTree = "<group>"; };
		FFF6DCE12A42327A00E2F70C /* XPCTest.entitlements */ = {isa = PBXFileReference; lastKnownFileType = text.plist.entitlements; path = XPCTest.entitlements; sourceTree = "<group>"; };
		FFF6DCEC2A42334000E2F70C /* WindowInfo.xpc */ = {isa = PBXFileReference; explicitFileType = "wrapper.xpc-service"; includeInIndex = 0; path = WindowInfo.xpc; sourceTree = BUILT_PRODUCTS_DIR; };
		FFF6DCEE2A42334000E2F70C /* WindowInfoProtocol.swift */ = {isa = PBXFileReference; lastKnownFileType = sourcecode.swift; path = WindowInfoProtocol.swift; sourceTree = "<group>"; };
		FFF6DCF02A42334000E2F70C /* WindowInfo.swift */ = {isa = PBXFileReference; lastKnownFileType = sourcecode.swift; path = WindowInfo.swift; sourceTree = "<group>"; };
		FFF6DCF22A42334000E2F70C /* main.swift */ = {isa = PBXFileReference; lastKnownFileType = sourcecode.swift; path = main.swift; sourceTree = "<group>"; };
		FFF6DCF42A42334000E2F70C /* Info.plist */ = {isa = PBXFileReference; lastKnownFileType = text.plist.xml; path = Info.plist; sourceTree = "<group>"; };
		FFF6DCFC2A42335200E2F70C /* ScreenCapture.swift */ = {isa = PBXFileReference; lastKnownFileType = sourcecode.swift; path = ScreenCapture.swift; sourceTree = "<group>"; };
		FFF6DCFF2A42339300E2F70C /* NSImage+Extensions.swift */ = {isa = PBXFileReference; lastKnownFileType = sourcecode.swift; path = "NSImage+Extensions.swift"; sourceTree = "<group>"; };
/* End PBXFileReference section */

/* Begin PBXFrameworksBuildPhase section */
		FFF6DCD22A42327900E2F70C /* Frameworks */ = {
			isa = PBXFrameworksBuildPhase;
			buildActionMask = 2147483647;
			files = (
			);
			runOnlyForDeploymentPostprocessing = 0;
		};
		FFF6DCE92A42334000E2F70C /* Frameworks */ = {
			isa = PBXFrameworksBuildPhase;
			buildActionMask = 2147483647;
			files = (
			);
			runOnlyForDeploymentPostprocessing = 0;
		};
/* End PBXFrameworksBuildPhase section */

/* Begin PBXGroup section */
		FFF6DCCC2A42327900E2F70C = {
			isa = PBXGroup;
			children = (
				FFF6DCE72A4232FD00E2F70C /* Common */,
				FFF6DCD72A42327900E2F70C /* XPCTest */,
				FFF6DCED2A42334000E2F70C /* WindowInfo */,
				FFF6DCD62A42327900E2F70C /* Products */,
			);
			sourceTree = "<group>";
		};
		FFF6DCD62A42327900E2F70C /* Products */ = {
			isa = PBXGroup;
			children = (
				FFF6DCD52A42327900E2F70C /* XPCTest.app */,
				FFF6DCEC2A42334000E2F70C /* WindowInfo.xpc */,
			);
			name = Products;
			sourceTree = "<group>";
		};
		FFF6DCD72A42327900E2F70C /* XPCTest */ = {
			isa = PBXGroup;
			children = (
				FFF6DCD82A42327900E2F70C /* AppDelegate.swift */,
				FFF6DCDA2A42327900E2F70C /* ViewController.swift */,
				FFF6DCDC2A42327A00E2F70C /* Assets.xcassets */,
				FFF6DCDE2A42327A00E2F70C /* Main.storyboard */,
				FFF6DCE12A42327A00E2F70C /* XPCTest.entitlements */,
			);
			path = XPCTest;
			sourceTree = "<group>";
		};
		FFF6DCE72A4232FD00E2F70C /* Common */ = {
			isa = PBXGroup;
			children = (
				FFF6DCFC2A42335200E2F70C /* ScreenCapture.swift */,
				FFF6DCFF2A42339300E2F70C /* NSImage+Extensions.swift */,
			);
			path = Common;
			sourceTree = "<group>";
		};
		FFF6DCED2A42334000E2F70C /* WindowInfo */ = {
			isa = PBXGroup;
			children = (
				FFF6DCEE2A42334000E2F70C /* WindowInfoProtocol.swift */,
				FFF6DCF02A42334000E2F70C /* WindowInfo.swift */,
				FFF6DCF22A42334000E2F70C /* main.swift */,
				FFF6DCF42A42334000E2F70C /* Info.plist */,
			);
			path = WindowInfo;
			sourceTree = "<group>";
		};
/* End PBXGroup section */

/* Begin PBXNativeTarget section */
		FFF6DCD42A42327900E2F70C /* XPCTest */ = {
			isa = PBXNativeTarget;
			buildConfigurationList = FFF6DCE42A42327A00E2F70C /* Build configuration list for PBXNativeTarget "XPCTest" */;
			buildPhases = (
				FFF6DCD12A42327900E2F70C /* Sources */,
				FFF6DCD22A42327900E2F70C /* Frameworks */,
				FFF6DCD32A42327900E2F70C /* Resources */,
				FFF6DCFB2A42334000E2F70C /* Embed XPC Services */,
			);
			buildRules = (
			);
			dependencies = (
				FFF6DCF62A42334000E2F70C /* PBXTargetDependency */,
			);
			name = XPCTest;
			productName = XPCTest;
			productReference = FFF6DCD52A42327900E2F70C /* XPCTest.app */;
			productType = "com.apple.product-type.application";
		};
		FFF6DCEB2A42334000E2F70C /* WindowInfo */ = {
			isa = PBXNativeTarget;
			buildConfigurationList = FFF6DCF82A42334000E2F70C /* Build configuration list for PBXNativeTarget "WindowInfo" */;
			buildPhases = (
				FFF6DCE82A42334000E2F70C /* Sources */,
				FFF6DCE92A42334000E2F70C /* Frameworks */,
				FFF6DCEA2A42334000E2F70C /* Resources */,
			);
			buildRules = (
			);
			dependencies = (
			);
			name = WindowInfo;
			productName = WindowInfo;
			productReference = FFF6DCEC2A42334000E2F70C /* WindowInfo.xpc */;
			productType = "com.apple.product-type.xpc-service";
		};
/* End PBXNativeTarget section */

/* Begin PBXProject section */
		FFF6DCCD2A42327900E2F70C /* Project object */ = {
			isa = PBXProject;
			attributes = {
				BuildIndependentTargetsInParallel = 1;
				LastSwiftUpdateCheck = 1420;
				LastUpgradeCheck = 1420;
				TargetAttributes = {
					FFF6DCD42A42327900E2F70C = {
						CreatedOnToolsVersion = 14.2;
					};
					FFF6DCEB2A42334000E2F70C = {
						CreatedOnToolsVersion = 14.2;
					};
				};
			};
			buildConfigurationList = FFF6DCD02A42327900E2F70C /* Build configuration list for PBXProject "XPCTest" */;
			compatibilityVersion = "Xcode 14.0";
			developmentRegion = en;
			hasScannedForEncodings = 0;
			knownRegions = (
				en,
				Base,
			);
			mainGroup = FFF6DCCC2A42327900E2F70C;
			productRefGroup = FFF6DCD62A42327900E2F70C /* Products */;
			projectDirPath = "";
			projectRoot = "";
			targets = (
				FFF6DCD42A42327900E2F70C /* XPCTest */,
				FFF6DCEB2A42334000E2F70C /* WindowInfo */,
			);
		};
/* End PBXProject section */

/* Begin PBXResourcesBuildPhase section */
		FFF6DCD32A42327900E2F70C /* Resources */ = {
			isa = PBXResourcesBuildPhase;
			buildActionMask = 2147483647;
			files = (
				FFF6DCDD2A42327A00E2F70C /* Assets.xcassets in Resources */,
				FFF6DCE02A42327A00E2F70C /* Main.storyboard in Resources */,
			);
			runOnlyForDeploymentPostprocessing = 0;
		};
		FFF6DCEA2A42334000E2F70C /* Resources */ = {
			isa = PBXResourcesBuildPhase;
			buildActionMask = 2147483647;
			files = (
			);
			runOnlyForDeploymentPostprocessing = 0;
		};
/* End PBXResourcesBuildPhase section */

/* Begin PBXSourcesBuildPhase section */
		FFF6DCD12A42327900E2F70C /* Sources */ = {
			isa = PBXSourcesBuildPhase;
			buildActionMask = 2147483647;
			files = (
				FFF6DCDB2A42327900E2F70C /* ViewController.swift in Sources */,
				FFF6DCFD2A42335200E2F70C /* ScreenCapture.swift in Sources */,
				FFF6DD002A42339300E2F70C /* NSImage+Extensions.swift in Sources */,
				FFF6DCD92A42327900E2F70C /* AppDelegate.swift in Sources */,
			);
			runOnlyForDeploymentPostprocessing = 0;
		};
		FFF6DCE82A42334000E2F70C /* Sources */ = {
			isa = PBXSourcesBuildPhase;
			buildActionMask = 2147483647;
			files = (
				FFF6DCEF2A42334000E2F70C /* WindowInfoProtocol.swift in Sources */,
				FFF6DCF12A42334000E2F70C /* WindowInfo.swift in Sources */,
				FFF6DCFE2A42335200E2F70C /* ScreenCapture.swift in Sources */,
				FFF6DD012A42339300E2F70C /* NSImage+Extensions.swift in Sources */,
				FFF6DCF32A42334000E2F70C /* main.swift in Sources */,
			);
			runOnlyForDeploymentPostprocessing = 0;
		};
/* End PBXSourcesBuildPhase section */

/* Begin PBXTargetDependency section */
		FFF6DCF62A42334000E2F70C /* PBXTargetDependency */ = {
			isa = PBXTargetDependency;
			target = FFF6DCEB2A42334000E2F70C /* WindowInfo */;
			targetProxy = FFF6DCF52A42334000E2F70C /* PBXContainerItemProxy */;
		};
/* End PBXTargetDependency section */

/* Begin PBXVariantGroup section */
		FFF6DCDE2A42327A00E2F70C /* Main.storyboard */ = {
			isa = PBXVariantGroup;
			children = (
				FFF6DCDF2A42327A00E2F70C /* Base */,
			);
			name = Main.storyboard;
			sourceTree = "<group>";
		};
/* End PBXVariantGroup section */

/* Begin XCBuildConfiguration section */
		FFF6DCE22A42327A00E2F70C /* Debug */ = {
			isa = XCBuildConfiguration;
			buildSettings = {
				ALWAYS_SEARCH_USER_PATHS = NO;
				CLANG_ANALYZER_NONNULL = YES;
				CLANG_ANALYZER_NUMBER_OBJECT_CONVERSION = YES_AGGRESSIVE;
				CLANG_CXX_LANGUAGE_STANDARD = "gnu++20";
				CLANG_ENABLE_MODULES = YES;
				CLANG_ENABLE_OBJC_ARC = YES;
				CLANG_ENABLE_OBJC_WEAK = YES;
				CLANG_WARN_BLOCK_CAPTURE_AUTORELEASING = YES;
				CLANG_WARN_BOOL_CONVERSION = YES;
				CLANG_WARN_COMMA = YES;
				CLANG_WARN_CONSTANT_CONVERSION = YES;
				CLANG_WARN_DEPRECATED_OBJC_IMPLEMENTATIONS = YES;
				CLANG_WARN_DIRECT_OBJC_ISA_USAGE = YES_ERROR;
				CLANG_WARN_DOCUMENTATION_COMMENTS = YES;
				CLANG_WARN_EMPTY_BODY = YES;
				CLANG_WARN_ENUM_CONVERSION = YES;
				CLANG_WARN_INFINITE_RECURSION = YES;
				CLANG_WARN_INT_CONVERSION = YES;
				CLANG_WARN_NON_LITERAL_NULL_CONVERSION = YES;
				CLANG_WARN_OBJC_IMPLICIT_RETAIN_SELF = YES;
				CLANG_WARN_OBJC_LITERAL_CONVERSION = YES;
				CLANG_WARN_OBJC_ROOT_CLASS = YES_ERROR;
				CLANG_WARN_QUOTED_INCLUDE_IN_FRAMEWORK_HEADER = YES;
				CLANG_WARN_RANGE_LOOP_ANALYSIS = YES;
				CLANG_WARN_STRICT_PROTOTYPES = YES;
				CLANG_WARN_SUSPICIOUS_MOVE = YES;
				CLANG_WARN_UNGUARDED_AVAILABILITY = YES_AGGRESSIVE;
				CLANG_WARN_UNREACHABLE_CODE = YES;
				CLANG_WARN__DUPLICATE_METHOD_MATCH = YES;
				COPY_PHASE_STRIP = NO;
				DEBUG_INFORMATION_FORMAT = dwarf;
				ENABLE_STRICT_OBJC_MSGSEND = YES;
				ENABLE_TESTABILITY = YES;
				GCC_C_LANGUAGE_STANDARD = gnu11;
				GCC_DYNAMIC_NO_PIC = NO;
				GCC_NO_COMMON_BLOCKS = YES;
				GCC_OPTIMIZATION_LEVEL = 0;
				GCC_PREPROCESSOR_DEFINITIONS = (
					"DEBUG=1",
					"$(inherited)",
				);
				GCC_WARN_64_TO_32_BIT_CONVERSION = YES;
				GCC_WARN_ABOUT_RETURN_TYPE = YES_ERROR;
				GCC_WARN_UNDECLARED_SELECTOR = YES;
				GCC_WARN_UNINITIALIZED_AUTOS = YES_AGGRESSIVE;
				GCC_WARN_UNUSED_FUNCTION = YES;
				GCC_WARN_UNUSED_VARIABLE = YES;
				MACOSX_DEPLOYMENT_TARGET = 12.6;
				MTL_ENABLE_DEBUG_INFO = INCLUDE_SOURCE;
				MTL_FAST_MATH = YES;
				ONLY_ACTIVE_ARCH = YES;
				SDKROOT = macosx;
				SWIFT_ACTIVE_COMPILATION_CONDITIONS = DEBUG;
				SWIFT_OPTIMIZATION_LEVEL = "-Onone";
			};
			name = Debug;
		};
		FFF6DCE32A42327A00E2F70C /* Release */ = {
			isa = XCBuildConfiguration;
			buildSettings = {
				ALWAYS_SEARCH_USER_PATHS = NO;
				CLANG_ANALYZER_NONNULL = YES;
				CLANG_ANALYZER_NUMBER_OBJECT_CONVERSION = YES_AGGRESSIVE;
				CLANG_CXX_LANGUAGE_STANDARD = "gnu++20";
				CLANG_ENABLE_MODULES = YES;
				CLANG_ENABLE_OBJC_ARC = YES;
				CLANG_ENABLE_OBJC_WEAK = YES;
				CLANG_WARN_BLOCK_CAPTURE_AUTORELEASING = YES;
				CLANG_WARN_BOOL_CONVERSION = YES;
				CLANG_WARN_COMMA = YES;
				CLANG_WARN_CONSTANT_CONVERSION = YES;
				CLANG_WARN_DEPRECATED_OBJC_IMPLEMENTATIONS = YES;
				CLANG_WARN_DIRECT_OBJC_ISA_USAGE = YES_ERROR;
				CLANG_WARN_DOCUMENTATION_COMMENTS = YES;
				CLANG_WARN_EMPTY_BODY = YES;
				CLANG_WARN_ENUM_CONVERSION = YES;
				CLANG_WARN_INFINITE_RECURSION = YES;
				CLANG_WARN_INT_CONVERSION = YES;
				CLANG_WARN_NON_LITERAL_NULL_CONVERSION = YES;
				CLANG_WARN_OBJC_IMPLICIT_RETAIN_SELF = YES;
				CLANG_WARN_OBJC_LITERAL_CONVERSION = YES;
				CLANG_WARN_OBJC_ROOT_CLASS = YES_ERROR;
				CLANG_WARN_QUOTED_INCLUDE_IN_FRAMEWORK_HEADER = YES;
				CLANG_WARN_RANGE_LOOP_ANALYSIS = YES;
				CLANG_WARN_STRICT_PROTOTYPES = YES;
				CLANG_WARN_SUSPICIOUS_MOVE = YES;
				CLANG_WARN_UNGUARDED_AVAILABILITY = YES_AGGRESSIVE;
				CLANG_WARN_UNREACHABLE_CODE = YES;
				CLANG_WARN__DUPLICATE_METHOD_MATCH = YES;
				COPY_PHASE_STRIP = NO;
				DEBUG_INFORMATION_FORMAT = "dwarf-with-dsym";
				ENABLE_NS_ASSERTIONS = NO;
				ENABLE_STRICT_OBJC_MSGSEND = YES;
				GCC_C_LANGUAGE_STANDARD = gnu11;
				GCC_NO_COMMON_BLOCKS = YES;
				GCC_WARN_64_TO_32_BIT_CONVERSION = YES;
				GCC_WARN_ABOUT_RETURN_TYPE = YES_ERROR;
				GCC_WARN_UNDECLARED_SELECTOR = YES;
				GCC_WARN_UNINITIALIZED_AUTOS = YES_AGGRESSIVE;
				GCC_WARN_UNUSED_FUNCTION = YES;
				GCC_WARN_UNUSED_VARIABLE = YES;
				MACOSX_DEPLOYMENT_TARGET = 12.6;
				MTL_ENABLE_DEBUG_INFO = NO;
				MTL_FAST_MATH = YES;
				SDKROOT = macosx;
				SWIFT_COMPILATION_MODE = wholemodule;
				SWIFT_OPTIMIZATION_LEVEL = "-O";
			};
			name = Release;
		};
		FFF6DCE52A42327A00E2F70C /* Debug */ = {
			isa = XCBuildConfiguration;
			buildSettings = {
				ALWAYS_EMBED_SWIFT_STANDARD_LIBRARIES = YES;
				ASSETCATALOG_COMPILER_APPICON_NAME = AppIcon;
				ASSETCATALOG_COMPILER_GLOBAL_ACCENT_COLOR_NAME = AccentColor;
				CODE_SIGN_ENTITLEMENTS = XPCTest/XPCTest.entitlements;
				CODE_SIGN_STYLE = Automatic;
				COMBINE_HIDPI_IMAGES = YES;
				CURRENT_PROJECT_VERSION = 1;
				DEVELOPMENT_TEAM = 54HW5825ZV;
				ENABLE_HARDENED_RUNTIME = YES;
				GENERATE_INFOPLIST_FILE = YES;
				INFOPLIST_KEY_NSHumanReadableCopyright = "";
				INFOPLIST_KEY_NSMainStoryboardFile = Main;
				INFOPLIST_KEY_NSPrincipalClass = NSApplication;
				LD_RUNPATH_SEARCH_PATHS = (
					"$(inherited)",
					"@executable_path/../Frameworks",
				);
				MARKETING_VERSION = 1.0;
				PRODUCT_BUNDLE_IDENTIFIER = com.heavylightapps.XPCTest;
				PRODUCT_NAME = "$(TARGET_NAME)";
				SWIFT_EMIT_LOC_STRINGS = YES;
				SWIFT_VERSION = 5.0;
			};
			name = Debug;
		};
		FFF6DCE62A42327A00E2F70C /* Release */ = {
			isa = XCBuildConfiguration;
			buildSettings = {
				ALWAYS_EMBED_SWIFT_STANDARD_LIBRARIES = YES;
				ASSETCATALOG_COMPILER_APPICON_NAME = AppIcon;
				ASSETCATALOG_COMPILER_GLOBAL_ACCENT_COLOR_NAME = AccentColor;
				CODE_SIGN_ENTITLEMENTS = XPCTest/XPCTest.entitlements;
				CODE_SIGN_STYLE = Automatic;
				COMBINE_HIDPI_IMAGES = YES;
				CURRENT_PROJECT_VERSION = 1;
				DEVELOPMENT_TEAM = 54HW5825ZV;
				ENABLE_HARDENED_RUNTIME = YES;
				GENERATE_INFOPLIST_FILE = YES;
				INFOPLIST_KEY_NSHumanReadableCopyright = "";
				INFOPLIST_KEY_NSMainStoryboardFile = Main;
				INFOPLIST_KEY_NSPrincipalClass = NSApplication;
				LD_RUNPATH_SEARCH_PATHS = (
					"$(inherited)",
					"@executable_path/../Frameworks",
				);
				MARKETING_VERSION = 1.0;
				PRODUCT_BUNDLE_IDENTIFIER = com.heavylightapps.XPCTest;
				PRODUCT_NAME = "$(TARGET_NAME)";
				SWIFT_EMIT_LOC_STRINGS = YES;
				SWIFT_VERSION = 5.0;
			};
			name = Release;
		};
		FFF6DCF92A42334000E2F70C /* Debug */ = {
			isa = XCBuildConfiguration;
			buildSettings = {
				CODE_SIGN_STYLE = Automatic;
				COMBINE_HIDPI_IMAGES = YES;
				CURRENT_PROJECT_VERSION = 1;
				DEVELOPMENT_TEAM = 54HW5825ZV;
				ENABLE_HARDENED_RUNTIME = YES;
				GENERATE_INFOPLIST_FILE = YES;
				INFOPLIST_FILE = WindowInfo/Info.plist;
				INFOPLIST_KEY_CFBundleDisplayName = WindowInfo;
				INFOPLIST_KEY_NSHumanReadableCopyright = "";
				MARKETING_VERSION = 1.0;
				PRODUCT_BUNDLE_IDENTIFIER = com.heavylightapps.WindowInfo;
				PRODUCT_NAME = "$(TARGET_NAME)";
				SKIP_INSTALL = YES;
				SWIFT_EMIT_LOC_STRINGS = YES;
				SWIFT_VERSION = 5.0;
			};
			name = Debug;
		};
		FFF6DCFA2A42334000E2F70C /* Release */ = {
			isa = XCBuildConfiguration;
			buildSettings = {
				CODE_SIGN_STYLE = Automatic;
				COMBINE_HIDPI_IMAGES = YES;
				CURRENT_PROJECT_VERSION = 1;
				DEVELOPMENT_TEAM = 54HW5825ZV;
				ENABLE_HARDENED_RUNTIME = YES;
				GENERATE_INFOPLIST_FILE = YES;
				INFOPLIST_FILE = WindowInfo/Info.plist;
				INFOPLIST_KEY_CFBundleDisplayName = WindowInfo;
				INFOPLIST_KEY_NSHumanReadableCopyright = "";
				MARKETING_VERSION = 1.0;
				PRODUCT_BUNDLE_IDENTIFIER = com.heavylightapps.WindowInfo;
				PRODUCT_NAME = "$(TARGET_NAME)";
				SKIP_INSTALL = YES;
				SWIFT_EMIT_LOC_STRINGS = YES;
				SWIFT_VERSION = 5.0;
			};
			name = Release;
		};
/* End XCBuildConfiguration section */

/* Begin XCConfigurationList section */
		FFF6DCD02A42327900E2F70C /* Build configuration list for PBXProject "XPCTest" */ = {
			isa = XCConfigurationList;
			buildConfigurations = (
				FFF6DCE22A42327A00E2F70C /* Debug */,
				FFF6DCE32A42327A00E2F70C /* Release */,
			);
			defaultConfigurationIsVisible = 0;
			defaultConfigurationName = Release;
		};
		FFF6DCE42A42327A00E2F70C /* Build configuration list for PBXNativeTarget "XPCTest" */ = {
			isa = XCConfigurationList;
			buildConfigurations = (
				FFF6DCE52A42327A00E2F70C /* Debug */,
				FFF6DCE62A42327A00E2F70C /* Release */,
			);
			defaultConfigurationIsVisible = 0;
			defaultConfigurationName = Release;
		};
		FFF6DCF82A42334000E2F70C /* Build configuration list for PBXNativeTarget "WindowInfo" */ = {
			isa = XCConfigurationList;
			buildConfigurations = (
				FFF6DCF92A42334000E2F70C /* Debug */,
				FFF6DCFA2A42334000E2F70C /* Release */,
			);
			defaultConfigurationIsVisible = 0;
			defaultConfigurationName = Release;
		};
/* End XCConfigurationList section */
	};
	rootObject = FFF6DCCD2A42327900E2F70C /* Project object */;
}
